
Microsoft Visual Studio Solution File, Format Version 12.00
# Visual Studio Version 17
VisualStudioVersion = 17.6.33723.286
MinimumVisualStudioVersion = 10.0.40219.1
Project("{FAE04EC0-301F-11D3-BF4B-00C04F79EFBC}") = "яйцо или курица", "яйцо или курица\яйцо или курица.csproj", "{87F72CFB-043E-423C-9D72-E140E5990A06}"
EndProject
Global
	GlobalSection(SolutionConfigurationPlatforms) = preSolution
		Debug|Any CPU = Debug|Any CPU
		Release|Any CPU = Release|Any CPU
	EndGlobalSection
	GlobalSection(ProjectConfigurationPlatforms) = postSolution
		{87F72CFB-043E-423C-9D72-E140E5990A06}.Debug|Any CPU.ActiveCfg = Debug|Any CPU
		{87F72CFB-043E-423C-9D72-E140E5990A06}.Debug|Any CPU.Build.0 = Debug|Any CPU
		{87F72CFB-043E-423C-9D72-E140E5990A06}.Release|Any CPU.ActiveCfg = Release|Any CPU
		{87F72CFB-043E-423C-9D72-E140E5990A06}.Release|Any CPU.Build.0 = Release|Any CPU
	EndGlobalSection
	GlobalSection(SolutionProperties) = preSolution
		HideSolutionNode = FALSE
	EndGlobalSection
	GlobalSection(ExtensibilityGlobals) = postSolution
		SolutionGuid = {EA1B355D-7FC3-4EAF-A5D7-8F1747AA5394}
	EndGlobalSection
EndGlobal
